<?xml version="1.0" encoding="utf-8"?>
<Project ToolsVersion="4.0" xmlns="http://schemas.microsoft.com/developer/msbuild/2003">
  <ItemGroup>
    <ClInclude Include="Player.h">
      <Filter>ContentsObject</Filter>
    </ClInclude>
    <ClInclude Include="PreCompiledFile.h">
      <Filter>PreCompiledFile</Filter>
    </ClInclude>
    <ClInclude Include="PlayGameMode.h">
      <Filter>ContentsObject\GameMode</Filter>
    </ClInclude>
    <ClInclude Include="ArkanoidContentsCore.h">
      <Filter>Core</Filter>
    </ClInclude>
    <ClInclude Include="Ball.h">
      <Filter>ContentsObject\Actor</Filter>
    </ClInclude>
  </ItemGroup>
  <ItemGroup>
    <ClCompile Include="Player.cpp">
      <Filter>ContentsObject</Filter>
    </ClCompile>
    <ClCompile Include="PreCompiledFile.cpp">
      <Filter>PreCompiledFile</Filter>
    </ClCompile>
    <ClCompile Include="PlayGameMode.cpp">
      <Filter>ContentsObject\GameMode</Filter>
    </ClCompile>
    <ClCompile Include="ArkanoidContentsCore.cpp">
      <Filter>Core</Filter>
    </ClCompile>
    <ClCompile Include="Ball.cpp">
      <Filter>ContentsObject\Actor</Filter>
    </ClCompile>
  </ItemGroup>
  <ItemGroup>
    <Filter Include="ContentsObject">
      <UniqueIdentifier>{a11097a5-1646-4d86-a81c-712272e26edd}</UniqueIdentifier>
    </Filter>
    <Filter Include="PreCompiledFile">
      <UniqueIdentifier>{fe314114-107b-427a-b36c-54b8ef05a38d}</UniqueIdentifier>
    </Filter>
    <Filter Include="ContentsObject\GameMode">
      <UniqueIdentifier>{f0f40633-3907-4f70-b1d3-e7c2eb6bf4e8}</UniqueIdentifier>
    </Filter>
    <Filter Include="Core">
      <UniqueIdentifier>{77b186b4-a3fb-43c1-84d6-bade0a6ef5ef}</UniqueIdentifier>
    </Filter>
    <Filter Include="ContentsObject\Actor">
      <UniqueIdentifier>{51df0539-91f8-4c9c-8caa-27dcaec1cd05}</UniqueIdentifier>
    </Filter>
  </ItemGroup>
</Project>